// !$*UTF8*$!
{
	archiveVersion = 1;
	classes = {
	};
	objectVersion = 46;
	objects = {

/* Begin PBXBuildFile section */
		CE3979E7CB3718C941C93889 /* Pods_MyDiary.framework in Frameworks */ = {isa = PBXBuildFile; fileRef = 9331B83F373E2EBEE64CBBD6 /* Pods_MyDiary.framework */; };
		F30A6A551F6CF9F9005670BE /* Weather.m in Sources */ = {isa = PBXBuildFile; fileRef = F30A6A541F6CF9F9005670BE /* Weather.m */; };
		F34D2B8B1F6BA3C50038D7FA /* OpenWeatherAPI.m in Sources */ = {isa = PBXBuildFile; fileRef = F34D2B8A1F6BA3C50038D7FA /* OpenWeatherAPI.m */; };
		F34D2B8E1F6BB8750038D7FA /* HttpResponseErrorCode.m in Sources */ = {isa = PBXBuildFile; fileRef = F34D2B8D1F6BB8750038D7FA /* HttpResponseErrorCode.m */; };
		F36DC0701F73B74F003D0123 /* KFKeychain.m in Sources */ = {isa = PBXBuildFile; fileRef = F36DC06F1F73B74F003D0123 /* KFKeychain.m */; };
		F3B618EF1F67D9C0006467D5 /* DiaryView.m in Sources */ = {isa = PBXBuildFile; fileRef = F3B618EE1F67D9C0006467D5 /* DiaryView.m */; };
		F3B618F21F67DBA2006467D5 /* CalendarView.m in Sources */ = {isa = PBXBuildFile; fileRef = F3B618F11F67DBA2006467D5 /* CalendarView.m */; };
		F3C6AD2C1F5681BC00DCEF42 /* main.m in Sources */ = {isa = PBXBuildFile; fileRef = F3C6AD2B1F5681BC00DCEF42 /* main.m */; };
		F3C6AD2F1F5681BC00DCEF42 /* AppDelegate.m in Sources */ = {isa = PBXBuildFile; fileRef = F3C6AD2E1F5681BC00DCEF42 /* AppDelegate.m */; };
		F3C6AD321F5681BC00DCEF42 /* ViewController.m in Sources */ = {isa = PBXBuildFile; fileRef = F3C6AD311F5681BC00DCEF42 /* ViewController.m */; };
		F3C6AD351F5681BC00DCEF42 /* Main.storyboard in Resources */ = {isa = PBXBuildFile; fileRef = F3C6AD331F5681BC00DCEF42 /* Main.storyboard */; };
		F3C6AD371F5681BC00DCEF42 /* Assets.xcassets in Resources */ = {isa = PBXBuildFile; fileRef = F3C6AD361F5681BC00DCEF42 /* Assets.xcassets */; };
		F3C6AD3A1F5681BC00DCEF42 /* LaunchScreen.storyboard in Resources */ = {isa = PBXBuildFile; fileRef = F3C6AD381F5681BC00DCEF42 /* LaunchScreen.storyboard */; };
		F3C6AD441F568B6F00DCEF42 /* DiariesCell.m in Sources */ = {isa = PBXBuildFile; fileRef = F3C6AD431F568B6F00DCEF42 /* DiariesCell.m */; };
		F3C6AD481F56AB3200DCEF42 /* WritingVC.m in Sources */ = {isa = PBXBuildFile; fileRef = F3C6AD471F56AB3200DCEF42 /* WritingVC.m */; };
		F3C6AD4B1F56B08800DCEF42 /* PlaceHoldUITextView.m in Sources */ = {isa = PBXBuildFile; fileRef = F3C6AD4A1F56B08800DCEF42 /* PlaceHoldUITextView.m */; };
		F3C6AD811F592C0B00DCEF42 /* Diary.m in Sources */ = {isa = PBXBuildFile; fileRef = F3C6AD801F592C0B00DCEF42 /* Diary.m */; };
		F3C6ADAC1F59466200DCEF42 /* WritingView.m in Sources */ = {isa = PBXBuildFile; fileRef = F3C6ADAB1F59466200DCEF42 /* WritingView.m */; };
		F3C6ADAF1F59748C00DCEF42 /* RealmManager.m in Sources */ = {isa = PBXBuildFile; fileRef = F3C6ADAE1F59748C00DCEF42 /* RealmManager.m */; };
		F3C6ADB21F5A77EC00DCEF42 /* NSDate+YearMonthDay.m in Sources */ = {isa = PBXBuildFile; fileRef = F3C6ADB11F5A77EC00DCEF42 /* NSDate+YearMonthDay.m */; };
		F3C6ADB51F5A89D900DCEF42 /* ReadingVC.m in Sources */ = {isa = PBXBuildFile; fileRef = F3C6ADB41F5A89D900DCEF42 /* ReadingVC.m */; };
		F3C6ADB81F5A8A4C00DCEF42 /* ReadingView.m in Sources */ = {isa = PBXBuildFile; fileRef = F3C6ADB71F5A8A4C00DCEF42 /* ReadingView.m */; };
		F3C6ADBB1F5CFAA300DCEF42 /* CalendarVC.m in Sources */ = {isa = PBXBuildFile; fileRef = F3C6ADBA1F5CFAA300DCEF42 /* CalendarVC.m */; };
		F3C6ADC11F5D779C00DCEF42 /* AboutMeVC.m in Sources */ = {isa = PBXBuildFile; fileRef = F3C6ADC01F5D779C00DCEF42 /* AboutMeVC.m */; };
		F3C6ADC61F5E90B100DCEF42 /* LogInVC.m in Sources */ = {isa = PBXBuildFile; fileRef = F3C6ADC51F5E90B100DCEF42 /* LogInVC.m */; };
		F3C6ADC81F5EB24F00DCEF42 /* GoogleService-Info.plist in Resources */ = {isa = PBXBuildFile; fileRef = F3C6ADC71F5EB24F00DCEF42 /* GoogleService-Info.plist */; };
		F3C6ADD51F5FD47600DCEF42 /* DatabaseServices.m in Sources */ = {isa = PBXBuildFile; fileRef = F3C6ADD41F5FD47600DCEF42 /* DatabaseServices.m */; };
		F3C6ADD81F61141900DCEF42 /* AboutMeView.m in Sources */ = {isa = PBXBuildFile; fileRef = F3C6ADD71F61141900DCEF42 /* AboutMeView.m */; };
		F3C6ADDB1F611B5000DCEF42 /* User.m in Sources */ = {isa = PBXBuildFile; fileRef = F3C6ADDA1F611B5000DCEF42 /* User.m */; };
		F3C6ADDF1F63DDF500DCEF42 /* UserInfoVC.m in Sources */ = {isa = PBXBuildFile; fileRef = F3C6ADDE1F63DDF500DCEF42 /* UserInfoVC.m */; };
/* End PBXBuildFile section */

/* Begin PBXFileReference section */
		1DFBB55305983422ADA3A138 /* Pods-MyDiary.debug.xcconfig */ = {isa = PBXFileReference; includeInIndex = 1; lastKnownFileType = text.xcconfig; name = "Pods-MyDiary.debug.xcconfig"; path = "Pods/Target Support Files/Pods-MyDiary/Pods-MyDiary.debug.xcconfig"; sourceTree = "<group>"; };
		7941754ACB055356062262A1 /* Pods-MyDiary.release.xcconfig */ = {isa = PBXFileReference; includeInIndex = 1; lastKnownFileType = text.xcconfig; name = "Pods-MyDiary.release.xcconfig"; path = "Pods/Target Support Files/Pods-MyDiary/Pods-MyDiary.release.xcconfig"; sourceTree = "<group>"; };
		9331B83F373E2EBEE64CBBD6 /* Pods_MyDiary.framework */ = {isa = PBXFileReference; explicitFileType = wrapper.framework; includeInIndex = 0; path = Pods_MyDiary.framework; sourceTree = BUILT_PRODUCTS_DIR; };
		F30A6A531F6CF9F9005670BE /* Weather.h */ = {isa = PBXFileReference; fileEncoding = 4; lastKnownFileType = sourcecode.c.h; path = Weather.h; sourceTree = "<group>"; };
		F30A6A541F6CF9F9005670BE /* Weather.m */ = {isa = PBXFileReference; fileEncoding = 4; lastKnownFileType = sourcecode.c.objc; path = Weather.m; sourceTree = "<group>"; };
		F34D2B891F6BA3C50038D7FA /* OpenWeatherAPI.h */ = {isa = PBXFileReference; fileEncoding = 4; lastKnownFileType = sourcecode.c.h; path = OpenWeatherAPI.h; sourceTree = "<group>"; };
		F34D2B8A1F6BA3C50038D7FA /* OpenWeatherAPI.m */ = {isa = PBXFileReference; fileEncoding = 4; lastKnownFileType = sourcecode.c.objc; path = OpenWeatherAPI.m; sourceTree = "<group>"; };
		F34D2B8C1F6BB8750038D7FA /* HttpResponseErrorCode.h */ = {isa = PBXFileReference; fileEncoding = 4; lastKnownFileType = sourcecode.c.h; path = HttpResponseErrorCode.h; sourceTree = "<group>"; };
		F34D2B8D1F6BB8750038D7FA /* HttpResponseErrorCode.m */ = {isa = PBXFileReference; fileEncoding = 4; lastKnownFileType = sourcecode.c.objc; path = HttpResponseErrorCode.m; sourceTree = "<group>"; };
		F36DC0651F72596B003D0123 /* zh-Hant */ = {isa = PBXFileReference; lastKnownFileType = text.plist.strings; name = "zh-Hant"; path = "zh-Hant.lproj/Main.strings"; sourceTree = "<group>"; };
		F36DC0661F72596B003D0123 /* zh-Hant */ = {isa = PBXFileReference; lastKnownFileType = text.plist.strings; name = "zh-Hant"; path = "zh-Hant.lproj/LaunchScreen.strings"; sourceTree = "<group>"; };
		F36DC06E1F73B74F003D0123 /* KFKeychain.h */ = {isa = PBXFileReference; lastKnownFileType = sourcecode.c.h; path = KFKeychain.h; sourceTree = "<group>"; };
		F36DC06F1F73B74F003D0123 /* KFKeychain.m */ = {isa = PBXFileReference; lastKnownFileType = sourcecode.c.objc; path = KFKeychain.m; sourceTree = "<group>"; };
		F3B618ED1F67D9C0006467D5 /* DiaryView.h */ = {isa = PBXFileReference; fileEncoding = 4; lastKnownFileType = sourcecode.c.h; path = DiaryView.h; sourceTree = "<group>"; };
		F3B618EE1F67D9C0006467D5 /* DiaryView.m */ = {isa = PBXFileReference; fileEncoding = 4; lastKnownFileType = sourcecode.c.objc; path = DiaryView.m; sourceTree = "<group>"; };
		F3B618F01F67DBA2006467D5 /* CalendarView.h */ = {isa = PBXFileReference; fileEncoding = 4; lastKnownFileType = sourcecode.c.h; path = CalendarView.h; sourceTree = "<group>"; };
		F3B618F11F67DBA2006467D5 /* CalendarView.m */ = {isa = PBXFileReference; fileEncoding = 4; lastKnownFileType = sourcecode.c.objc; path = CalendarView.m; sourceTree = "<group>"; };
		F3C6AD271F5681BC00DCEF42 /* MyDiary.app */ = {isa = PBXFileReference; explicitFileType = wrapper.application; includeInIndex = 0; path = MyDiary.app; sourceTree = BUILT_PRODUCTS_DIR; };
		F3C6AD2B1F5681BC00DCEF42 /* main.m */ = {isa = PBXFileReference; lastKnownFileType = sourcecode.c.objc; path = main.m; sourceTree = "<group>"; };
		F3C6AD2D1F5681BC00DCEF42 /* AppDelegate.h */ = {isa = PBXFileReference; lastKnownFileType = sourcecode.c.h; path = AppDelegate.h; sourceTree = "<group>"; };
		F3C6AD2E1F5681BC00DCEF42 /* AppDelegate.m */ = {isa = PBXFileReference; lastKnownFileType = sourcecode.c.objc; path = AppDelegate.m; sourceTree = "<group>"; };
		F3C6AD301F5681BC00DCEF42 /* ViewController.h */ = {isa = PBXFileReference; lastKnownFileType = sourcecode.c.h; path = ViewController.h; sourceTree = "<group>"; };
		F3C6AD311F5681BC00DCEF42 /* ViewController.m */ = {isa = PBXFileReference; lastKnownFileType = sourcecode.c.objc; path = ViewController.m; sourceTree = "<group>"; };
		F3C6AD341F5681BC00DCEF42 /* Base */ = {isa = PBXFileReference; lastKnownFileType = file.storyboard; name = Base; path = Base.lproj/Main.storyboard; sourceTree = "<group>"; };
		F3C6AD361F5681BC00DCEF42 /* Assets.xcassets */ = {isa = PBXFileReference; lastKnownFileType = folder.assetcatalog; path = Assets.xcassets; sourceTree = "<group>"; };
		F3C6AD391F5681BC00DCEF42 /* Base */ = {isa = PBXFileReference; lastKnownFileType = file.storyboard; name = Base; path = Base.lproj/LaunchScreen.storyboard; sourceTree = "<group>"; };
		F3C6AD3B1F5681BC00DCEF42 /* Info.plist */ = {isa = PBXFileReference; lastKnownFileType = text.plist.xml; path = Info.plist; sourceTree = "<group>"; };
		F3C6AD421F568B6F00DCEF42 /* DiariesCell.h */ = {isa = PBXFileReference; fileEncoding = 4; lastKnownFileType = sourcecode.c.h; path = DiariesCell.h; sourceTree = "<group>"; };
		F3C6AD431F568B6F00DCEF42 /* DiariesCell.m */ = {isa = PBXFileReference; fileEncoding = 4; lastKnownFileType = sourcecode.c.objc; path = DiariesCell.m; sourceTree = "<group>"; };
		F3C6AD461F56AB3200DCEF42 /* WritingVC.h */ = {isa = PBXFileReference; fileEncoding = 4; lastKnownFileType = sourcecode.c.h; path = WritingVC.h; sourceTree = "<group>"; };
		F3C6AD471F56AB3200DCEF42 /* WritingVC.m */ = {isa = PBXFileReference; fileEncoding = 4; lastKnownFileType = sourcecode.c.objc; path = WritingVC.m; sourceTree = "<group>"; };
		F3C6AD491F56B08800DCEF42 /* PlaceHoldUITextView.h */ = {isa = PBXFileReference; fileEncoding = 4; lastKnownFileType = sourcecode.c.h; path = PlaceHoldUITextView.h; sourceTree = "<group>"; };
		F3C6AD4A1F56B08800DCEF42 /* PlaceHoldUITextView.m */ = {isa = PBXFileReference; fileEncoding = 4; lastKnownFileType = sourcecode.c.objc; path = PlaceHoldUITextView.m; sourceTree = "<group>"; };
		F3C6AD7F1F592C0B00DCEF42 /* Diary.h */ = {isa = PBXFileReference; fileEncoding = 4; lastKnownFileType = sourcecode.c.h; path = Diary.h; sourceTree = "<group>"; };
		F3C6AD801F592C0B00DCEF42 /* Diary.m */ = {isa = PBXFileReference; fileEncoding = 4; lastKnownFileType = sourcecode.c.objc; path = Diary.m; sourceTree = "<group>"; };
		F3C6AD821F59310100DCEF42 /* libc++.1.tbd */ = {isa = PBXFileReference; lastKnownFileType = "sourcecode.text-based-dylib-definition"; name = "libc++.1.tbd"; path = "usr/lib/libc++.1.tbd"; sourceTree = SDKROOT; };
		F3C6ADAA1F59466200DCEF42 /* WritingView.h */ = {isa = PBXFileReference; fileEncoding = 4; lastKnownFileType = sourcecode.c.h; path = WritingView.h; sourceTree = "<group>"; };
		F3C6ADAB1F59466200DCEF42 /* WritingView.m */ = {isa = PBXFileReference; fileEncoding = 4; lastKnownFileType = sourcecode.c.objc; path = WritingView.m; sourceTree = "<group>"; };
		F3C6ADAD1F59748C00DCEF42 /* RealmManager.h */ = {isa = PBXFileReference; fileEncoding = 4; lastKnownFileType = sourcecode.c.h; path = RealmManager.h; sourceTree = "<group>"; };
		F3C6ADAE1F59748C00DCEF42 /* RealmManager.m */ = {isa = PBXFileReference; fileEncoding = 4; lastKnownFileType = sourcecode.c.objc; path = RealmManager.m; sourceTree = "<group>"; };
		F3C6ADB01F5A77EC00DCEF42 /* NSDate+YearMonthDay.h */ = {isa = PBXFileReference; fileEncoding = 4; lastKnownFileType = sourcecode.c.h; path = "NSDate+YearMonthDay.h"; sourceTree = "<group>"; };
		F3C6ADB11F5A77EC00DCEF42 /* NSDate+YearMonthDay.m */ = {isa = PBXFileReference; fileEncoding = 4; lastKnownFileType = sourcecode.c.objc; path = "NSDate+YearMonthDay.m"; sourceTree = "<group>"; };
		F3C6ADB31F5A89D900DCEF42 /* ReadingVC.h */ = {isa = PBXFileReference; fileEncoding = 4; lastKnownFileType = sourcecode.c.h; path = ReadingVC.h; sourceTree = "<group>"; };
		F3C6ADB41F5A89D900DCEF42 /* ReadingVC.m */ = {isa = PBXFileReference; fileEncoding = 4; lastKnownFileType = sourcecode.c.objc; path = ReadingVC.m; sourceTree = "<group>"; };
		F3C6ADB61F5A8A4C00DCEF42 /* ReadingView.h */ = {isa = PBXFileReference; fileEncoding = 4; lastKnownFileType = sourcecode.c.h; path = ReadingView.h; sourceTree = "<group>"; };
		F3C6ADB71F5A8A4C00DCEF42 /* ReadingView.m */ = {isa = PBXFileReference; fileEncoding = 4; lastKnownFileType = sourcecode.c.objc; path = ReadingView.m; sourceTree = "<group>"; };
		F3C6ADB91F5CFAA300DCEF42 /* CalendarVC.h */ = {isa = PBXFileReference; fileEncoding = 4; lastKnownFileType = sourcecode.c.h; path = CalendarVC.h; sourceTree = "<group>"; };
		F3C6ADBA1F5CFAA300DCEF42 /* CalendarVC.m */ = {isa = PBXFileReference; fileEncoding = 4; lastKnownFileType = sourcecode.c.objc; path = CalendarVC.m; sourceTree = "<group>"; };
		F3C6ADBF1F5D779C00DCEF42 /* AboutMeVC.h */ = {isa = PBXFileReference; fileEncoding = 4; lastKnownFileType = sourcecode.c.h; path = AboutMeVC.h; sourceTree = "<group>"; };
		F3C6ADC01F5D779C00DCEF42 /* AboutMeVC.m */ = {isa = PBXFileReference; fileEncoding = 4; lastKnownFileType = sourcecode.c.objc; path = AboutMeVC.m; sourceTree = "<group>"; };
		F3C6ADC41F5E90B100DCEF42 /* LogInVC.h */ = {isa = PBXFileReference; fileEncoding = 4; lastKnownFileType = sourcecode.c.h; path = LogInVC.h; sourceTree = "<group>"; };
		F3C6ADC51F5E90B100DCEF42 /* LogInVC.m */ = {isa = PBXFileReference; fileEncoding = 4; lastKnownFileType = sourcecode.c.objc; path = LogInVC.m; sourceTree = "<group>"; };
		F3C6ADC71F5EB24F00DCEF42 /* GoogleService-Info.plist */ = {isa = PBXFileReference; fileEncoding = 4; lastKnownFileType = text.plist.xml; path = "GoogleService-Info.plist"; sourceTree = "<group>"; };
		F3C6ADD31F5FD47600DCEF42 /* DatabaseServices.h */ = {isa = PBXFileReference; fileEncoding = 4; lastKnownFileType = sourcecode.c.h; path = DatabaseServices.h; sourceTree = "<group>"; };
		F3C6ADD41F5FD47600DCEF42 /* DatabaseServices.m */ = {isa = PBXFileReference; fileEncoding = 4; lastKnownFileType = sourcecode.c.objc; path = DatabaseServices.m; sourceTree = "<group>"; };
		F3C6ADD61F61141900DCEF42 /* AboutMeView.h */ = {isa = PBXFileReference; fileEncoding = 4; lastKnownFileType = sourcecode.c.h; path = AboutMeView.h; sourceTree = "<group>"; };
		F3C6ADD71F61141900DCEF42 /* AboutMeView.m */ = {isa = PBXFileReference; fileEncoding = 4; lastKnownFileType = sourcecode.c.objc; path = AboutMeView.m; sourceTree = "<group>"; };
		F3C6ADD91F611B5000DCEF42 /* User.h */ = {isa = PBXFileReference; fileEncoding = 4; lastKnownFileType = sourcecode.c.h; path = User.h; sourceTree = "<group>"; };
		F3C6ADDA1F611B5000DCEF42 /* User.m */ = {isa = PBXFileReference; fileEncoding = 4; lastKnownFileType = sourcecode.c.objc; path = User.m; sourceTree = "<group>"; };
		F3C6ADDC1F626A3E00DCEF42 /* MyDiary.entitlements */ = {isa = PBXFileReference; lastKnownFileType = text.plist.entitlements; path = MyDiary.entitlements; sourceTree = "<group>"; };
		F3C6ADDD1F63DDF500DCEF42 /* UserInfoVC.h */ = {isa = PBXFileReference; fileEncoding = 4; lastKnownFileType = sourcecode.c.h; path = UserInfoVC.h; sourceTree = "<group>"; };
		F3C6ADDE1F63DDF500DCEF42 /* UserInfoVC.m */ = {isa = PBXFileReference; fileEncoding = 4; lastKnownFileType = sourcecode.c.objc; path = UserInfoVC.m; sourceTree = "<group>"; };
/* End PBXFileReference section */

/* Begin PBXFrameworksBuildPhase section */
		F3C6AD241F5681BC00DCEF42 /* Frameworks */ = {
			isa = PBXFrameworksBuildPhase;
			buildActionMask = 2147483647;
			files = (
				CE3979E7CB3718C941C93889 /* Pods_MyDiary.framework in Frameworks */,
			);
			runOnlyForDeploymentPostprocessing = 0;
		};
/* End PBXFrameworksBuildPhase section */

/* Begin PBXGroup section */
		6E89BA161C99185D3C93515C /* Frameworks */ = {
			isa = PBXGroup;
			children = (
				F3C6AD821F59310100DCEF42 /* libc++.1.tbd */,
				9331B83F373E2EBEE64CBBD6 /* Pods_MyDiary.framework */,
			);
			name = Frameworks;
			sourceTree = "<group>";
		};
		7F16984B439E4B5135DE437A /* Pods */ = {
			isa = PBXGroup;
			children = (
				1DFBB55305983422ADA3A138 /* Pods-MyDiary.debug.xcconfig */,
				7941754ACB055356062262A1 /* Pods-MyDiary.release.xcconfig */,
			);
			name = Pods;
			sourceTree = "<group>";
		};
		F3C6AD1E1F5681BC00DCEF42 = {
			isa = PBXGroup;
			children = (
				F3C6AD291F5681BC00DCEF42 /* MyDiary */,
				F3C6AD281F5681BC00DCEF42 /* Products */,
				7F16984B439E4B5135DE437A /* Pods */,
				6E89BA161C99185D3C93515C /* Frameworks */,
			);
			sourceTree = "<group>";
		};
		F3C6AD281F5681BC00DCEF42 /* Products */ = {
			isa = PBXGroup;
			children = (
				F3C6AD271F5681BC00DCEF42 /* MyDiary.app */,
			);
			name = Products;
			sourceTree = "<group>";
		};
		F3C6AD291F5681BC00DCEF42 /* MyDiary */ = {
			isa = PBXGroup;
			children = (
				F3C6ADDC1F626A3E00DCEF42 /* MyDiary.entitlements */,
				F3C6AD4C1F57EC9E00DCEF42 /* view */,
				F3C6AD451F56A11B00DCEF42 /* controller */,
				F3C6AD411F568B3000DCEF42 /* model */,
				F3C6ADAD1F59748C00DCEF42 /* RealmManager.h */,
				F3C6ADAE1F59748C00DCEF42 /* RealmManager.m */,
				F3C6ADD31F5FD47600DCEF42 /* DatabaseServices.h */,
				F3C6ADD41F5FD47600DCEF42 /* DatabaseServices.m */,
				F3C6AD2D1F5681BC00DCEF42 /* AppDelegate.h */,
				F3C6AD2E1F5681BC00DCEF42 /* AppDelegate.m */,
				F3C6AD331F5681BC00DCEF42 /* Main.storyboard */,
				F3C6AD361F5681BC00DCEF42 /* Assets.xcassets */,
				F3C6AD2A1F5681BC00DCEF42 /* Supporting Files */,
				F34D2B891F6BA3C50038D7FA /* OpenWeatherAPI.h */,
				F34D2B8A1F6BA3C50038D7FA /* OpenWeatherAPI.m */,
				F34D2B8C1F6BB8750038D7FA /* HttpResponseErrorCode.h */,
				F34D2B8D1F6BB8750038D7FA /* HttpResponseErrorCode.m */,
			);
			path = MyDiary;
			sourceTree = "<group>";
		};
		F3C6AD2A1F5681BC00DCEF42 /* Supporting Files */ = {
			isa = PBXGroup;
			children = (
				F3C6ADC71F5EB24F00DCEF42 /* GoogleService-Info.plist */,
				F3C6AD381F5681BC00DCEF42 /* LaunchScreen.storyboard */,
				F3C6AD3B1F5681BC00DCEF42 /* Info.plist */,
				F3C6AD2B1F5681BC00DCEF42 /* main.m */,
				F3C6AD491F56B08800DCEF42 /* PlaceHoldUITextView.h */,
				F3C6AD4A1F56B08800DCEF42 /* PlaceHoldUITextView.m */,
				F3C6ADB01F5A77EC00DCEF42 /* NSDate+YearMonthDay.h */,
				F3C6ADB11F5A77EC00DCEF42 /* NSDate+YearMonthDay.m */,
				F36DC06E1F73B74F003D0123 /* KFKeychain.h */,
				F36DC06F1F73B74F003D0123 /* KFKeychain.m */,
			);
			name = "Supporting Files";
			sourceTree = "<group>";
		};
		F3C6AD411F568B3000DCEF42 /* model */ = {
			isa = PBXGroup;
			children = (
				F3C6AD7F1F592C0B00DCEF42 /* Diary.h */,
				F3C6AD801F592C0B00DCEF42 /* Diary.m */,
				F3C6ADD91F611B5000DCEF42 /* User.h */,
				F3C6ADDA1F611B5000DCEF42 /* User.m */,
				F30A6A531F6CF9F9005670BE /* Weather.h */,
				F30A6A541F6CF9F9005670BE /* Weather.m */,
			);
			name = model;
			sourceTree = "<group>";
		};
		F3C6AD451F56A11B00DCEF42 /* controller */ = {
			isa = PBXGroup;
			children = (
				F3C6ADBF1F5D779C00DCEF42 /* AboutMeVC.h */,
				F3C6ADC01F5D779C00DCEF42 /* AboutMeVC.m */,
				F3C6AD301F5681BC00DCEF42 /* ViewController.h */,
				F3C6AD311F5681BC00DCEF42 /* ViewController.m */,
				F3C6AD461F56AB3200DCEF42 /* WritingVC.h */,
				F3C6AD471F56AB3200DCEF42 /* WritingVC.m */,
				F3C6ADB31F5A89D900DCEF42 /* ReadingVC.h */,
				F3C6ADB41F5A89D900DCEF42 /* ReadingVC.m */,
				F3C6ADB91F5CFAA300DCEF42 /* CalendarVC.h */,
				F3C6ADBA1F5CFAA300DCEF42 /* CalendarVC.m */,
				F3C6ADC41F5E90B100DCEF42 /* LogInVC.h */,
				F3C6ADC51F5E90B100DCEF42 /* LogInVC.m */,
				F3C6ADDD1F63DDF500DCEF42 /* UserInfoVC.h */,
				F3C6ADDE1F63DDF500DCEF42 /* UserInfoVC.m */,
			);
			name = controller;
			sourceTree = "<group>";
		};
		F3C6AD4C1F57EC9E00DCEF42 /* view */ = {
			isa = PBXGroup;
			children = (
				F3C6ADAA1F59466200DCEF42 /* WritingView.h */,
				F3C6ADAB1F59466200DCEF42 /* WritingView.m */,
				F3C6AD421F568B6F00DCEF42 /* DiariesCell.h */,
				F3C6AD431F568B6F00DCEF42 /* DiariesCell.m */,
				F3C6ADB61F5A8A4C00DCEF42 /* ReadingView.h */,
				F3C6ADB71F5A8A4C00DCEF42 /* ReadingView.m */,
				F3C6ADD61F61141900DCEF42 /* AboutMeView.h */,
				F3C6ADD71F61141900DCEF42 /* AboutMeView.m */,
				F3B618ED1F67D9C0006467D5 /* DiaryView.h */,
				F3B618EE1F67D9C0006467D5 /* DiaryView.m */,
				F3B618F01F67DBA2006467D5 /* CalendarView.h */,
				F3B618F11F67DBA2006467D5 /* CalendarView.m */,
			);
			name = view;
			sourceTree = "<group>";
		};
/* End PBXGroup section */

/* Begin PBXNativeTarget section */
		F3C6AD261F5681BC00DCEF42 /* MyDiary */ = {
			isa = PBXNativeTarget;
			buildConfigurationList = F3C6AD3E1F5681BC00DCEF42 /* Build configuration list for PBXNativeTarget "MyDiary" */;
			buildPhases = (
				DEFEA12125BC4A101CC3AB09 /* [CP] Check Pods Manifest.lock */,
				F3C6AD231F5681BC00DCEF42 /* Sources */,
				F3C6AD241F5681BC00DCEF42 /* Frameworks */,
				F3C6AD251F5681BC00DCEF42 /* Resources */,
				4B9A64294AC4E055F60BF295 /* [CP] Embed Pods Frameworks */,
				0FC098BB761DDE8B679ED032 /* [CP] Copy Pods Resources */,
				F3B618EC1F66890B006467D5 /* ShellScript */,
			);
			buildRules = (
			);
			dependencies = (
			);
			name = MyDiary;
			productName = MyDiary;
			productReference = F3C6AD271F5681BC00DCEF42 /* MyDiary.app */;
			productType = "com.apple.product-type.application";
		};
/* End PBXNativeTarget section */

/* Begin PBXProject section */
		F3C6AD1F1F5681BC00DCEF42 /* Project object */ = {
			isa = PBXProject;
			attributes = {
				LastUpgradeCheck = 0900;
				ORGANIZATIONNAME = Linquas;
				TargetAttributes = {
					F3C6AD261F5681BC00DCEF42 = {
						CreatedOnToolsVersion = 8.3.3;
						DevelopmentTeam = ZJ68Z9J58L;
						LastSwiftMigration = 0900;
						ProvisioningStyle = Automatic;
						SystemCapabilities = {
							com.apple.Keychain = {
								enabled = 1;
							};
							com.apple.Push = {
								enabled = 0;
							};
						};
					};
				};
			};
			buildConfigurationList = F3C6AD221F5681BC00DCEF42 /* Build configuration list for PBXProject "MyDiary" */;
			compatibilityVersion = "Xcode 3.2";
			developmentRegion = English;
			hasScannedForEncodings = 0;
			knownRegions = (
				en,
				Base,
			);
			mainGroup = F3C6AD1E1F5681BC00DCEF42;
			productRefGroup = F3C6AD281F5681BC00DCEF42 /* Products */;
			projectDirPath = "";
			projectRoot = "";
			targets = (
				F3C6AD261F5681BC00DCEF42 /* MyDiary */,
			);
		};
/* End PBXProject section */

/* Begin PBXResourcesBuildPhase section */
		F3C6AD251F5681BC00DCEF42 /* Resources */ = {
			isa = PBXResourcesBuildPhase;
			buildActionMask = 2147483647;
			files = (
				F3C6AD3A1F5681BC00DCEF42 /* LaunchScreen.storyboard in Resources */,
				F3C6ADC81F5EB24F00DCEF42 /* GoogleService-Info.plist in Resources */,
				F3C6AD371F5681BC00DCEF42 /* Assets.xcassets in Resources */,
				F3C6AD351F5681BC00DCEF42 /* Main.storyboard in Resources */,
			);
			runOnlyForDeploymentPostprocessing = 0;
		};
/* End PBXResourcesBuildPhase section */

/* Begin PBXShellScriptBuildPhase section */
		0FC098BB761DDE8B679ED032 /* [CP] Copy Pods Resources */ = {
			isa = PBXShellScriptBuildPhase;
			buildActionMask = 2147483647;
			files = (
			);
			inputPaths = (
				"${SRCROOT}/Pods/Target Support Files/Pods-MyDiary/Pods-MyDiary-resources.sh",
				"${PODS_ROOT}/GoogleSignIn/Resources/GoogleSignIn.bundle",
			);
			name = "[CP] Copy Pods Resources";
			outputPaths = (
				"${TARGET_BUILD_DIR}/${UNLOCALIZED_RESOURCES_FOLDER_PATH}",
			);
			runOnlyForDeploymentPostprocessing = 0;
			shellPath = /bin/sh;
			shellScript = "\"${SRCROOT}/Pods/Target Support Files/Pods-MyDiary/Pods-MyDiary-resources.sh\"\n";
			showEnvVarsInLog = 0;
		};
		4B9A64294AC4E055F60BF295 /* [CP] Embed Pods Frameworks */ = {
			isa = PBXShellScriptBuildPhase;
			buildActionMask = 2147483647;
			files = (
			);
			inputPaths = (
				"${SRCROOT}/Pods/Target Support Files/Pods-MyDiary/Pods-MyDiary-frameworks.sh",
				"${BUILT_PRODUCTS_DIR}/AFNetworking/AFNetworking.framework",
				"${BUILT_PRODUCTS_DIR}/Bolts/Bolts.framework",
				"${BUILT_PRODUCTS_DIR}/FBSDKCoreKit/FBSDKCoreKit.framework",
				"${BUILT_PRODUCTS_DIR}/FBSDKLoginKit/FBSDKLoginKit.framework",
				"${BUILT_PRODUCTS_DIR}/FSCalendar/FSCalendar.framework",
				"${BUILT_PRODUCTS_DIR}/GTMOAuth2/GTMOAuth2.framework",
				"${BUILT_PRODUCTS_DIR}/GTMSessionFetcher/GTMSessionFetcher.framework",
				"${BUILT_PRODUCTS_DIR}/GoogleToolboxForMac/GoogleToolboxForMac.framework",
				"${BUILT_PRODUCTS_DIR}/LGButton/LGButton.framework",
				"${BUILT_PRODUCTS_DIR}/Masonry/Masonry.framework",
				"${BUILT_PRODUCTS_DIR}/Realm/Realm.framework",
				"${BUILT_PRODUCTS_DIR}/leveldb-library/leveldb.framework",
				"${BUILT_PRODUCTS_DIR}/nanopb/nanopb.framework",
			);
			name = "[CP] Embed Pods Frameworks";
			outputPaths = (
				"${TARGET_BUILD_DIR}/${FRAMEWORKS_FOLDER_PATH}/AFNetworking.framework",
				"${TARGET_BUILD_DIR}/${FRAMEWORKS_FOLDER_PATH}/Bolts.framework",
				"${TARGET_BUILD_DIR}/${FRAMEWORKS_FOLDER_PATH}/FBSDKCoreKit.framework",
				"${TARGET_BUILD_DIR}/${FRAMEWORKS_FOLDER_PATH}/FBSDKLoginKit.framework",
				"${TARGET_BUILD_DIR}/${FRAMEWORKS_FOLDER_PATH}/FSCalendar.framework",
				"${TARGET_BUILD_DIR}/${FRAMEWORKS_FOLDER_PATH}/GTMOAuth2.framework",
				"${TARGET_BUILD_DIR}/${FRAMEWORKS_FOLDER_PATH}/GTMSessionFetcher.framework",
				"${TARGET_BUILD_DIR}/${FRAMEWORKS_FOLDER_PATH}/GoogleToolboxForMac.framework",
				"${TARGET_BUILD_DIR}/${FRAMEWORKS_FOLDER_PATH}/LGButton.framework",
				"${TARGET_BUILD_DIR}/${FRAMEWORKS_FOLDER_PATH}/Masonry.framework",
				"${TARGET_BUILD_DIR}/${FRAMEWORKS_FOLDER_PATH}/Realm.framework",
				"${TARGET_BUILD_DIR}/${FRAMEWORKS_FOLDER_PATH}/leveldb.framework",
				"${TARGET_BUILD_DIR}/${FRAMEWORKS_FOLDER_PATH}/nanopb.framework",
			);
			runOnlyForDeploymentPostprocessing = 0;
			shellPath = /bin/sh;
			shellScript = "\"${SRCROOT}/Pods/Target Support Files/Pods-MyDiary/Pods-MyDiary-frameworks.sh\"\n";
			showEnvVarsInLog = 0;
		};
		DEFEA12125BC4A101CC3AB09 /* [CP] Check Pods Manifest.lock */ = {
			isa = PBXShellScriptBuildPhase;
			buildActionMask = 2147483647;
			files = (
			);
			inputPaths = (
				"${PODS_PODFILE_DIR_PATH}/Podfile.lock",
				"${PODS_ROOT}/Manifest.lock",
			);
			name = "[CP] Check Pods Manifest.lock";
			outputPaths = (
				"$(DERIVED_FILE_DIR)/Pods-MyDiary-checkManifestLockResult.txt",
			);
			runOnlyForDeploymentPostprocessing = 0;
			shellPath = /bin/sh;
			shellScript = "diff \"${PODS_PODFILE_DIR_PATH}/Podfile.lock\" \"${PODS_ROOT}/Manifest.lock\" > /dev/null\nif [ $? != 0 ] ; then\n    # print error to STDERR\n    echo \"error: The sandbox is not in sync with the Podfile.lock. Run 'pod install' or update your CocoaPods installation.\" >&2\n    exit 1\nfi\n# This output is used by Xcode 'outputs' to avoid re-running this script phase.\necho \"SUCCESS\" > \"${SCRIPT_OUTPUT_FILE_0}\"\n";
			showEnvVarsInLog = 0;
		};
		F3B618EC1F66890B006467D5 /* ShellScript */ = {
			isa = PBXShellScriptBuildPhase;
			buildActionMask = 2147483647;
			files = (
			);
			inputPaths = (
			);
			outputPaths = (
			);
			runOnlyForDeploymentPostprocessing = 0;
			shellPath = /bin/sh;
			shellScript = "\"${PODS_ROOT}/Fabric/run\" 0eeed1c65f5fe9af9ea97baa0ada2f7c18fd29f8 4e100f33b05711aed00450e50ffbedac3259ee8779e2cf76b291b822dc769694";
		};
/* End PBXShellScriptBuildPhase section */

/* Begin PBXSourcesBuildPhase section */
		F3C6AD231F5681BC00DCEF42 /* Sources */ = {
			isa = PBXSourcesBuildPhase;
			buildActionMask = 2147483647;
			files = (
				F3C6AD4B1F56B08800DCEF42 /* PlaceHoldUITextView.m in Sources */,
				F3C6ADB21F5A77EC00DCEF42 /* NSDate+YearMonthDay.m in Sources */,
				F3C6ADDB1F611B5000DCEF42 /* User.m in Sources */,
				F3C6ADC61F5E90B100DCEF42 /* LogInVC.m in Sources */,
				F3C6AD811F592C0B00DCEF42 /* Diary.m in Sources */,
				F3C6AD321F5681BC00DCEF42 /* ViewController.m in Sources */,
				F3C6AD441F568B6F00DCEF42 /* DiariesCell.m in Sources */,
				F3C6ADD51F5FD47600DCEF42 /* DatabaseServices.m in Sources */,
				F3C6ADBB1F5CFAA300DCEF42 /* CalendarVC.m in Sources */,
				F3C6ADB81F5A8A4C00DCEF42 /* ReadingView.m in Sources */,
				F3C6ADAF1F59748C00DCEF42 /* RealmManager.m in Sources */,
				F34D2B8E1F6BB8750038D7FA /* HttpResponseErrorCode.m in Sources */,
				F30A6A551F6CF9F9005670BE /* Weather.m in Sources */,
				F3C6ADDF1F63DDF500DCEF42 /* UserInfoVC.m in Sources */,
				F3C6ADD81F61141900DCEF42 /* AboutMeView.m in Sources */,
				F3C6AD481F56AB3200DCEF42 /* WritingVC.m in Sources */,
				F3C6AD2F1F5681BC00DCEF42 /* AppDelegate.m in Sources */,
				F3B618F21F67DBA2006467D5 /* CalendarView.m in Sources */,
				F34D2B8B1F6BA3C50038D7FA /* OpenWeatherAPI.m in Sources */,
				F3C6AD2C1F5681BC00DCEF42 /* main.m in Sources */,
				F3C6ADB51F5A89D900DCEF42 /* ReadingVC.m in Sources */,
				F3C6ADC11F5D779C00DCEF42 /* AboutMeVC.m in Sources */,
				F3B618EF1F67D9C0006467D5 /* DiaryView.m in Sources */,
				F36DC0701F73B74F003D0123 /* KFKeychain.m in Sources */,
				F3C6ADAC1F59466200DCEF42 /* WritingView.m in Sources */,
			);
			runOnlyForDeploymentPostprocessing = 0;
		};
/* End PBXSourcesBuildPhase section */

/* Begin PBXVariantGroup section */
		F3C6AD331F5681BC00DCEF42 /* Main.storyboard */ = {
			isa = PBXVariantGroup;
			children = (
				F3C6AD341F5681BC00DCEF42 /* Base */,
				F36DC0651F72596B003D0123 /* zh-Hant */,
			);
			name = Main.storyboard;
			sourceTree = "<group>";
		};
		F3C6AD381F5681BC00DCEF42 /* LaunchScreen.storyboard */ = {
			isa = PBXVariantGroup;
			children = (
				F3C6AD391F5681BC00DCEF42 /* Base */,
				F36DC0661F72596B003D0123 /* zh-Hant */,
			);
			name = LaunchScreen.storyboard;
			sourceTree = "<group>";
		};
/* End PBXVariantGroup section */

/* Begin XCBuildConfiguration section */
		F3C6AD3C1F5681BC00DCEF42 /* Debug */ = {
			isa = XCBuildConfiguration;
			buildSettings = {
				ALWAYS_SEARCH_USER_PATHS = NO;
				CLANG_ANALYZER_LOCALIZABILITY_NONLOCALIZED = YES;
				CLANG_ANALYZER_NONNULL = YES;
				CLANG_ANALYZER_NUMBER_OBJECT_CONVERSION = YES_AGGRESSIVE;
				CLANG_CXX_LANGUAGE_STANDARD = "gnu++0x";
				CLANG_CXX_LIBRARY = "libc++";
				CLANG_ENABLE_MODULES = YES;
				CLANG_ENABLE_OBJC_ARC = YES;
				CLANG_WARN_BLOCK_CAPTURE_AUTORELEASING = YES;
				CLANG_WARN_BOOL_CONVERSION = YES;
				CLANG_WARN_COMMA = YES;
				CLANG_WARN_CONSTANT_CONVERSION = YES;
				CLANG_WARN_DIRECT_OBJC_ISA_USAGE = YES_ERROR;
				CLANG_WARN_DOCUMENTATION_COMMENTS = YES;
				CLANG_WARN_EMPTY_BODY = YES;
				CLANG_WARN_ENUM_CONVERSION = YES;
				CLANG_WARN_INFINITE_RECURSION = YES;
				CLANG_WARN_INT_CONVERSION = YES;
				CLANG_WARN_NON_LITERAL_NULL_CONVERSION = YES;
				CLANG_WARN_OBJC_LITERAL_CONVERSION = YES;
				CLANG_WARN_OBJC_ROOT_CLASS = YES_ERROR;
				CLANG_WARN_RANGE_LOOP_ANALYSIS = YES;
				CLANG_WARN_STRICT_PROTOTYPES = YES;
				CLANG_WARN_SUSPICIOUS_MOVE = YES;
				CLANG_WARN_UNREACHABLE_CODE = YES;
				CLANG_WARN__DUPLICATE_METHOD_MATCH = YES;
				"CODE_SIGN_IDENTITY[sdk=iphoneos*]" = "iPhone Developer";
				COPY_PHASE_STRIP = NO;
				DEBUG_INFORMATION_FORMAT = dwarf;
				ENABLE_STRICT_OBJC_MSGSEND = YES;
				ENABLE_TESTABILITY = YES;
				GCC_C_LANGUAGE_STANDARD = gnu99;
				GCC_DYNAMIC_NO_PIC = NO;
				GCC_NO_COMMON_BLOCKS = YES;
				GCC_OPTIMIZATION_LEVEL = 0;
				GCC_PREPROCESSOR_DEFINITIONS = (
					"DEBUG=1",
					"$(inherited)",
				);
				GCC_WARN_64_TO_32_BIT_CONVERSION = YES;
				GCC_WARN_ABOUT_RETURN_TYPE = YES_ERROR;
				GCC_WARN_UNDECLARED_SELECTOR = YES;
				GCC_WARN_UNINITIALIZED_AUTOS = YES_AGGRESSIVE;
				GCC_WARN_UNUSED_FUNCTION = YES;
				GCC_WARN_UNUSED_VARIABLE = YES;
				IPHONEOS_DEPLOYMENT_TARGET = 9.0;
				MTL_ENABLE_DEBUG_INFO = YES;
				ONLY_ACTIVE_ARCH = YES;
				SDKROOT = iphoneos;
			};
			name = Debug;
		};
		F3C6AD3D1F5681BC00DCEF42 /* Release */ = {
			isa = XCBuildConfiguration;
			buildSettings = {
				ALWAYS_SEARCH_USER_PATHS = NO;
				CLANG_ANALYZER_LOCALIZABILITY_NONLOCALIZED = YES;
				CLANG_ANALYZER_NONNULL = YES;
				CLANG_ANALYZER_NUMBER_OBJECT_CONVERSION = YES_AGGRESSIVE;
				CLANG_CXX_LANGUAGE_STANDARD = "gnu++0x";
				CLANG_CXX_LIBRARY = "libc++";
				CLANG_ENABLE_MODULES = YES;
				CLANG_ENABLE_OBJC_ARC = YES;
				CLANG_WARN_BLOCK_CAPTURE_AUTORELEASING = YES;
				CLANG_WARN_BOOL_CONVERSION = YES;
				CLANG_WARN_COMMA = YES;
				CLANG_WARN_CONSTANT_CONVERSION = YES;
				CLANG_WARN_DIRECT_OBJC_ISA_USAGE = YES_ERROR;
				CLANG_WARN_DOCUMENTATION_COMMENTS = YES;
				CLANG_WARN_EMPTY_BODY = YES;
				CLANG_WARN_ENUM_CONVERSION = YES;
				CLANG_WARN_INFINITE_RECURSION = YES;
				CLANG_WARN_INT_CONVERSION = YES;
				CLANG_WARN_NON_LITERAL_NULL_CONVERSION = YES;
				CLANG_WARN_OBJC_LITERAL_CONVERSION = YES;
				CLANG_WARN_OBJC_ROOT_CLASS = YES_ERROR;
				CLANG_WARN_RANGE_LOOP_ANALYSIS = YES;
				CLANG_WARN_STRICT_PROTOTYPES = YES;
				CLANG_WARN_SUSPICIOUS_MOVE = YES;
				CLANG_WARN_UNREACHABLE_CODE = YES;
				CLANG_WARN__DUPLICATE_METHOD_MATCH = YES;
				"CODE_SIGN_IDENTITY[sdk=iphoneos*]" = "iPhone Developer";
				COPY_PHASE_STRIP = NO;
				DEBUG_INFORMATION_FORMAT = "dwarf-with-dsym";
				ENABLE_NS_ASSERTIONS = NO;
				ENABLE_STRICT_OBJC_MSGSEND = YES;
				GCC_C_LANGUAGE_STANDARD = gnu99;
				GCC_NO_COMMON_BLOCKS = YES;
				GCC_WARN_64_TO_32_BIT_CONVERSION = YES;
				GCC_WARN_ABOUT_RETURN_TYPE = YES_ERROR;
				GCC_WARN_UNDECLARED_SELECTOR = YES;
				GCC_WARN_UNINITIALIZED_AUTOS = YES_AGGRESSIVE;
				GCC_WARN_UNUSED_FUNCTION = YES;
				GCC_WARN_UNUSED_VARIABLE = YES;
				IPHONEOS_DEPLOYMENT_TARGET = 9.0;
				MTL_ENABLE_DEBUG_INFO = NO;
				SDKROOT = iphoneos;
				VALIDATE_PRODUCT = YES;
			};
			name = Release;
		};
		F3C6AD3F1F5681BC00DCEF42 /* Debug */ = {
			isa = XCBuildConfiguration;
			baseConfigurationReference = 1DFBB55305983422ADA3A138 /* Pods-MyDiary.debug.xcconfig */;
			buildSettings = {
				ASSETCATALOG_COMPILER_APPICON_NAME = AppIcon;
				CLANG_ENABLE_MODULES = YES;
				CLANG_STATIC_ANALYZER_MODE = deep;
				CLANG_STATIC_ANALYZER_MODE_ON_ANALYZE_ACTION = shallow;
				CODE_SIGN_ENTITLEMENTS = MyDiary/MyDiary.entitlements;
				DEVELOPMENT_TEAM = ZJ68Z9J58L;
				ENABLE_BITCODE = NO;
				FRAMEWORK_SEARCH_PATHS = (
					"$(inherited)",
					"$(PROJECT_DIR)",
				);
				INFOPLIST_FILE = MyDiary/Info.plist;
				IPHONEOS_DEPLOYMENT_TARGET = 9.0;
				LD_RUNPATH_SEARCH_PATHS = "$(inherited) @executable_path/Frameworks";
				PRODUCT_BUNDLE_IDENTIFIER = com.Lnquas.MyDiary;
				PRODUCT_NAME = "$(TARGET_NAME)";
				RUN_CLANG_STATIC_ANALYZER = YES;
				SWIFT_OBJC_BRIDGING_HEADER = "MyDiary/MyDiary-Bridging-Header.h";
				SWIFT_OPTIMIZATION_LEVEL = "-Onone";
				SWIFT_VERSION = 3.0;
			};
			name = Debug;
		};
		F3C6AD401F5681BC00DCEF42 /* Release */ = {
			isa = XCBuildConfiguration;
			baseConfigurationReference = 7941754ACB055356062262A1 /* Pods-MyDiary.release.xcconfig */;
			buildSettings = {
				ASSETCATALOG_COMPILER_APPICON_NAME = AppIcon;
				CLANG_ENABLE_MODULES = YES;
				CLANG_STATIC_ANALYZER_MODE = deep;
				CLANG_STATIC_ANALYZER_MODE_ON_ANALYZE_ACTION = shallow;
				CODE_SIGN_ENTITLEMENTS = MyDiary/MyDiary.entitlements;
				DEBUG_INFORMATION_FORMAT = dwarf;
				DEVELOPMENT_TEAM = ZJ68Z9J58L;
				ENABLE_BITCODE = NO;
				FRAMEWORK_SEARCH_PATHS = (
					"$(inherited)",
					"$(PROJECT_DIR)",
				);
				INFOPLIST_FILE = MyDiary/Info.plist;
				IPHONEOS_DEPLOYMENT_TARGET = 9.0;
				LD_RUNPATH_SEARCH_PATHS = "$(inherited) @executable_path/Frameworks";
				PRODUCT_BUNDLE_IDENTIFIER = com.Lnquas.MyDiary;
				PRODUCT_NAME = "$(TARGET_NAME)";
				RUN_CLANG_STATIC_ANALYZER = YES;
				SWIFT_OBJC_BRIDGING_HEADER = "MyDiary/MyDiary-Bridging-Header.h";
				SWIFT_VERSION = 3.0;
			};
			name = Release;
		};
/* End XCBuildConfiguration section */

/* Begin XCConfigurationList section */
		F3C6AD221F5681BC00DCEF42 /* Build configuration list for PBXProject "MyDiary" */ = {
			isa = XCConfigurationList;
			buildConfigurations = (
				F3C6AD3C1F5681BC00DCEF42 /* Debug */,
				F3C6AD3D1F5681BC00DCEF42 /* Release */,
			);
			defaultConfigurationIsVisible = 0;
			defaultConfigurationName = Release;
		};
		F3C6AD3E1F5681BC00DCEF42 /* Build configuration list for PBXNativeTarget "MyDiary" */ = {
			isa = XCConfigurationList;
			buildConfigurations = (
				F3C6AD3F1F5681BC00DCEF42 /* Debug */,
				F3C6AD401F5681BC00DCEF42 /* Release */,
			);
			defaultConfigurationIsVisible = 0;
			defaultConfigurationName = Release;
		};
/* End XCConfigurationList section */
	};
	rootObject = F3C6AD1F1F5681BC00DCEF42 /* Project object */;
}
